# This file is automatically @generated by Cargo.
# It is not intended for manual editing.
version = 4

[[package]]
name = "ttrpg_ast"
version = "0.1.0"

[[package]]
name = "ttrpg_checker"
version = "0.1.0"
dependencies = [
 "ttrpg_ast",
 "ttrpg_parser",
]

[[package]]
name = "ttrpg_lexer"
version = "0.1.0"
dependencies = [
 "ttrpg_ast",
]

[[package]]
name = "ttrpg_parser"
version = "0.1.0"
dependencies = [
 "ttrpg_ast",
 "ttrpg_lexer",
]
